
Microsoft Visual Studio Solution File, Format Version 12.00
# Visual Studio Version 16
VisualStudioVersion = 16.0.29020.237
MinimumVisualStudioVersion = 10.0.40219.1
Project("{FAE04EC0-301F-11D3-BF4B-00C04F79EFBC}") = "LTI.RobotSimulator.Core", "LTI.RobotSimulator.Core\LTI.RobotSimulator.Core.csproj", "{070BCBE8-193F-42A4-A6FB-E5A152E89952}"
EndProject
Project("{FAE04EC0-301F-11D3-BF4B-00C04F79EFBC}") = "LTI.RobotSimulator", "LTI.RobotSimulator\LTI.RobotSimulator.csproj", "{C0901AEB-FB76-4602-A323-4825816EE328}"
EndProject
Global
	GlobalSection(SolutionConfigurationPlatforms) = preSolution
		Debug|Any CPU = Debug|Any CPU
		Release|Any CPU = Release|Any CPU
	EndGlobalSection
	GlobalSection(ProjectConfigurationPlatforms) = postSolution
		{070BCBE8-193F-42A4-A6FB-E5A152E89952}.Debug|Any CPU.ActiveCfg = Debug|Any CPU
		{070BCBE8-193F-42A4-A6FB-E5A152E89952}.Debug|Any CPU.Build.0 = Debug|Any CPU
		{070BCBE8-193F-42A4-A6FB-E5A152E89952}.Release|Any CPU.ActiveCfg = Release|Any CPU
		{070BCBE8-193F-42A4-A6FB-E5A152E89952}.Release|Any CPU.Build.0 = Release|Any CPU
		{C0901AEB-FB76-4602-A323-4825816EE328}.Debug|Any CPU.ActiveCfg = Debug|Any CPU
		{C0901AEB-FB76-4602-A323-4825816EE328}.Debug|Any CPU.Build.0 = Debug|Any CPU
		{C0901AEB-FB76-4602-A323-4825816EE328}.Release|Any CPU.ActiveCfg = Release|Any CPU
		{C0901AEB-FB76-4602-A323-4825816EE328}.Release|Any CPU.Build.0 = Release|Any CPU
	EndGlobalSection
	GlobalSection(SolutionProperties) = preSolution
		HideSolutionNode = FALSE
	EndGlobalSection
	GlobalSection(ExtensibilityGlobals) = postSolution
		SolutionGuid = {1BA3D9E4-944C-4032-AEC9-3CCC5D6190F4}
	EndGlobalSection
EndGlobal
